
Microsoft Visual Studio Solution File, Format Version 12.00
# Visual Studio 2012
Project("{FAE04EC0-301F-11D3-BF4B-00C04F79EFBC}") = "HostTest", "HostTest.csproj", "{CCF15ACF-63BE-4331-B6FD-B4294A6405FF}"
EndProject
Global
	GlobalSection(SolutionConfigurationPlatforms) = preSolution
		Debug|Any CPU = Debug|Any CPU
		Release|Any CPU = Release|Any CPU
	EndGlobalSection
	GlobalSection(ProjectConfigurationPlatforms) = postSolution
		{CCF15ACF-63BE-4331-B6FD-B4294A6405FF}.Debug|Any CPU.ActiveCfg = Debug|Any CPU
		{CCF15ACF-63BE-4331-B6FD-B4294A6405FF}.Debug|Any CPU.Build.0 = Debug|Any CPU
		{CCF15ACF-63BE-4331-B6FD-B4294A6405FF}.Release|Any CPU.ActiveCfg = Release|Any CPU
		{CCF15ACF-63BE-4331-B6FD-B4294A6405FF}.Release|Any CPU.Build.0 = Release|Any CPU
	EndGlobalSection
	GlobalSection(SolutionProperties) = preSolution
		HideSolutionNode = FALSE
	EndGlobalSection
EndGlobal
